
Microsoft Visual Studio Solution File, Format Version 12.00
# Visual Studio Version 17
VisualStudioVersion = 17.12.35728.132
MinimumVisualStudioVersion = 10.0.40219.1
Project("{FAE04EC0-301F-11D3-BF4B-00C04F79EFBC}") = "Umove AS", "Umove AS.csproj", "{BFF3C97F-1DDA-4B72-A3E2-7D5A2EDB11B6}"
EndProject
Project("{FAE04EC0-301F-11D3-BF4B-00C04F79EFBC}") = "MSTestUmove", "..\MSTestUmove\MSTestUmove.csproj", "{B3651C19-667B-4BC0-98D3-C11F1361B25D}"
EndProject
Project("{FAE04EC0-301F-11D3-BF4B-00C04F79EFBC}") = "UMOVEWPF", "..\UMOVEWPF\UMOVEWPF.csproj", "{C3D3D27D-CCB7-4082-A0AC-B76B4496B718}"
EndProject
Global
	GlobalSection(SolutionConfigurationPlatforms) = preSolution
		Debug|Any CPU = Debug|Any CPU
		Release|Any CPU = Release|Any CPU
	EndGlobalSection
	GlobalSection(ProjectConfigurationPlatforms) = postSolution
		{BFF3C97F-1DDA-4B72-A3E2-7D5A2EDB11B6}.Debug|Any CPU.ActiveCfg = Debug|Any CPU
		{BFF3C97F-1DDA-4B72-A3E2-7D5A2EDB11B6}.Debug|Any CPU.Build.0 = Debug|Any CPU
		{BFF3C97F-1DDA-4B72-A3E2-7D5A2EDB11B6}.Release|Any CPU.ActiveCfg = Release|Any CPU
		{BFF3C97F-1DDA-4B72-A3E2-7D5A2EDB11B6}.Release|Any CPU.Build.0 = Release|Any CPU
		{B3651C19-667B-4BC0-98D3-C11F1361B25D}.Debug|Any CPU.ActiveCfg = Debug|Any CPU
		{B3651C19-667B-4BC0-98D3-C11F1361B25D}.Debug|Any CPU.Build.0 = Debug|Any CPU
		{B3651C19-667B-4BC0-98D3-C11F1361B25D}.Release|Any CPU.ActiveCfg = Release|Any CPU
		{B3651C19-667B-4BC0-98D3-C11F1361B25D}.Release|Any CPU.Build.0 = Release|Any CPU
		{C3D3D27D-CCB7-4082-A0AC-B76B4496B718}.Debug|Any CPU.ActiveCfg = Debug|Any CPU
		{C3D3D27D-CCB7-4082-A0AC-B76B4496B718}.Debug|Any CPU.Build.0 = Debug|Any CPU
		{C3D3D27D-CCB7-4082-A0AC-B76B4496B718}.Release|Any CPU.ActiveCfg = Release|Any CPU
		{C3D3D27D-CCB7-4082-A0AC-B76B4496B718}.Release|Any CPU.Build.0 = Release|Any CPU
	EndGlobalSection
	GlobalSection(SolutionProperties) = preSolution
		HideSolutionNode = FALSE
	EndGlobalSection
EndGlobal
